
Microsoft Visual Studio Solution File, Format Version 12.00
# Visual Studio 15
VisualStudioVersion = 15.0.28307.489
MinimumVisualStudioVersion = 10.0.40219.1
Project("{9092AA53-FB77-4645-B42D-1CCCA6BD08BD}") = "VoterfiedAdminv2", "VoterfiedAdminv2.njsproj", "{EE8C764F-4CCF-46D9-9C33-0A8817B73BB8}"
EndProject
Global
	GlobalSection(SolutionConfigurationPlatforms) = preSolution
		Debug|Any CPU = Debug|Any CPU
		Release|Any CPU = Release|Any CPU
	EndGlobalSection
	GlobalSection(ProjectConfigurationPlatforms) = postSolution
		{EE8C764F-4CCF-46D9-9C33-0A8817B73BB8}.Debug|Any CPU.ActiveCfg = Debug|Any CPU
		{EE8C764F-4CCF-46D9-9C33-0A8817B73BB8}.Debug|Any CPU.Build.0 = Debug|Any CPU
		{EE8C764F-4CCF-46D9-9C33-0A8817B73BB8}.Release|Any CPU.ActiveCfg = Release|Any CPU
		{EE8C764F-4CCF-46D9-9C33-0A8817B73BB8}.Release|Any CPU.Build.0 = Release|Any CPU
	EndGlobalSection
	GlobalSection(SolutionProperties) = preSolution
		HideSolutionNode = FALSE
	EndGlobalSection
	GlobalSection(ExtensibilityGlobals) = postSolution
		SolutionGuid = {8BC13148-5E30-4587-8D20-77678309ED8F}
	EndGlobalSection
EndGlobal
